
Microsoft Visual Studio Solution File, Format Version 12.00
# Visual Studio Version 16
VisualStudioVersion = 16.0.31112.23
MinimumVisualStudioVersion = 10.0.40219.1
Project("{FAE04EC0-301F-11D3-BF4B-00C04F79EFBC}") = "HRPresence", "HRPresence\HRPresence.csproj", "{452A0661-672F-402E-82D6-2397FE4A4F92}"
EndProject
Global
	GlobalSection(SolutionConfigurationPlatforms) = preSolution
		Debug|Any CPU = Debug|Any CPU
		Release|Any CPU = Release|Any CPU
	EndGlobalSection
	GlobalSection(ProjectConfigurationPlatforms) = postSolution
		{452A0661-672F-402E-82D6-2397FE4A4F92}.Debug|Any CPU.ActiveCfg = Debug|Any CPU
		{452A0661-672F-402E-82D6-2397FE4A4F92}.Debug|Any CPU.Build.0 = Debug|Any CPU
		{452A0661-672F-402E-82D6-2397FE4A4F92}.Release|Any CPU.ActiveCfg = Release|Any CPU
		{452A0661-672F-402E-82D6-2397FE4A4F92}.Release|Any CPU.Build.0 = Release|Any CPU
	EndGlobalSection
	GlobalSection(SolutionProperties) = preSolution
		HideSolutionNode = FALSE
	EndGlobalSection
	GlobalSection(ExtensibilityGlobals) = postSolution
		SolutionGuid = {D8595D6B-0303-4E0A-B6DF-F46151705371}
	EndGlobalSection
EndGlobal
